
Microsoft Visual Studio Solution File, Format Version 12.00
# Visual Studio Version 17
VisualStudioVersion = 17.3.32728.150
MinimumVisualStudioVersion = 10.0.40219.1
Project("{9A19103F-16F7-4668-BE54-9A1E7A4F7556}") = "UnsafeHelper", "UnsafeHelper\UnsafeHelper.csproj", "{3E812CB3-589E-442E-8806-FE742895EBE2}"
EndProject
Project("{9A19103F-16F7-4668-BE54-9A1E7A4F7556}") = "Test", "Test\Test.csproj", "{7D0BA15A-EF3E-45D9-9ABB-603C79AF5CC3}"
EndProject
Project("{2150E333-8FDC-42A3-9474-1A3956D46DE8}") = "Solution Items", "Solution Items", "{CA725DFF-0A04-4BF5-B25D-1E1D16A67753}"
	ProjectSection(SolutionItems) = preProject
		.gitignore = .gitignore
		README.md = README.md
	EndProjectSection
EndProject
Project("{9A19103F-16F7-4668-BE54-9A1E7A4F7556}") = "InPlaceRuntimeTest", "InPlaceRuntimeTest\InPlaceRuntimeTest.csproj", "{D22114BF-7635-43C0-A21D-9E034CB2F409}"
EndProject
Project("{FAE04EC0-301F-11D3-BF4B-00C04F79EFBC}") = "InternalUnsafe", "InternalUnsafe\InternalUnsafe.csproj", "{38CFF618-6026-4131-9681-7BD444272CFC}"
EndProject
Project("{FAE04EC0-301F-11D3-BF4B-00C04F79EFBC}") = "FrameworkTest", "FrameworkTest\FrameworkTest.csproj", "{6E23796A-B916-4632-9DC9-5CD5534423A2}"
EndProject
Global
	GlobalSection(SolutionConfigurationPlatforms) = preSolution
		Debug|Any CPU = Debug|Any CPU
		Debug|x64 = Debug|x64
		Debug|x86 = Debug|x86
		Release|Any CPU = Release|Any CPU
		Release|x64 = Release|x64
		Release|x86 = Release|x86
	EndGlobalSection
	GlobalSection(ProjectConfigurationPlatforms) = postSolution
		{3E812CB3-589E-442E-8806-FE742895EBE2}.Debug|Any CPU.ActiveCfg = Debug|Any CPU
		{3E812CB3-589E-442E-8806-FE742895EBE2}.Debug|Any CPU.Build.0 = Debug|Any CPU
		{3E812CB3-589E-442E-8806-FE742895EBE2}.Debug|x64.ActiveCfg = Debug|Any CPU
		{3E812CB3-589E-442E-8806-FE742895EBE2}.Debug|x64.Build.0 = Debug|Any CPU
		{3E812CB3-589E-442E-8806-FE742895EBE2}.Debug|x86.ActiveCfg = Debug|Any CPU
		{3E812CB3-589E-442E-8806-FE742895EBE2}.Debug|x86.Build.0 = Debug|Any CPU
		{3E812CB3-589E-442E-8806-FE742895EBE2}.Release|Any CPU.ActiveCfg = Release|Any CPU
		{3E812CB3-589E-442E-8806-FE742895EBE2}.Release|Any CPU.Build.0 = Release|Any CPU
		{3E812CB3-589E-442E-8806-FE742895EBE2}.Release|x64.ActiveCfg = Release|Any CPU
		{3E812CB3-589E-442E-8806-FE742895EBE2}.Release|x64.Build.0 = Release|Any CPU
		{3E812CB3-589E-442E-8806-FE742895EBE2}.Release|x86.ActiveCfg = Release|Any CPU
		{3E812CB3-589E-442E-8806-FE742895EBE2}.Release|x86.Build.0 = Release|Any CPU
		{7D0BA15A-EF3E-45D9-9ABB-603C79AF5CC3}.Debug|Any CPU.ActiveCfg = Debug|Any CPU
		{7D0BA15A-EF3E-45D9-9ABB-603C79AF5CC3}.Debug|Any CPU.Build.0 = Debug|Any CPU
		{7D0BA15A-EF3E-45D9-9ABB-603C79AF5CC3}.Debug|x64.ActiveCfg = Debug|x64
		{7D0BA15A-EF3E-45D9-9ABB-603C79AF5CC3}.Debug|x64.Build.0 = Debug|x64
		{7D0BA15A-EF3E-45D9-9ABB-603C79AF5CC3}.Debug|x86.ActiveCfg = Debug|x86
		{7D0BA15A-EF3E-45D9-9ABB-603C79AF5CC3}.Debug|x86.Build.0 = Debug|x86
		{7D0BA15A-EF3E-45D9-9ABB-603C79AF5CC3}.Release|Any CPU.ActiveCfg = Release|Any CPU
		{7D0BA15A-EF3E-45D9-9ABB-603C79AF5CC3}.Release|Any CPU.Build.0 = Release|Any CPU
		{7D0BA15A-EF3E-45D9-9ABB-603C79AF5CC3}.Release|x64.ActiveCfg = Release|x64
		{7D0BA15A-EF3E-45D9-9ABB-603C79AF5CC3}.Release|x64.Build.0 = Release|x64
		{7D0BA15A-EF3E-45D9-9ABB-603C79AF5CC3}.Release|x86.ActiveCfg = Release|x86
		{7D0BA15A-EF3E-45D9-9ABB-603C79AF5CC3}.Release|x86.Build.0 = Release|x86
		{D22114BF-7635-43C0-A21D-9E034CB2F409}.Debug|Any CPU.ActiveCfg = Debug|Any CPU
		{D22114BF-7635-43C0-A21D-9E034CB2F409}.Debug|Any CPU.Build.0 = Debug|Any CPU
		{D22114BF-7635-43C0-A21D-9E034CB2F409}.Debug|x64.ActiveCfg = Debug|Any CPU
		{D22114BF-7635-43C0-A21D-9E034CB2F409}.Debug|x64.Build.0 = Debug|Any CPU
		{D22114BF-7635-43C0-A21D-9E034CB2F409}.Debug|x86.ActiveCfg = Debug|Any CPU
		{D22114BF-7635-43C0-A21D-9E034CB2F409}.Debug|x86.Build.0 = Debug|Any CPU
		{D22114BF-7635-43C0-A21D-9E034CB2F409}.Release|Any CPU.ActiveCfg = Release|Any CPU
		{D22114BF-7635-43C0-A21D-9E034CB2F409}.Release|Any CPU.Build.0 = Release|Any CPU
		{D22114BF-7635-43C0-A21D-9E034CB2F409}.Release|x64.ActiveCfg = Release|Any CPU
		{D22114BF-7635-43C0-A21D-9E034CB2F409}.Release|x64.Build.0 = Release|Any CPU
		{D22114BF-7635-43C0-A21D-9E034CB2F409}.Release|x86.ActiveCfg = Release|Any CPU
		{D22114BF-7635-43C0-A21D-9E034CB2F409}.Release|x86.Build.0 = Release|Any CPU
		{38CFF618-6026-4131-9681-7BD444272CFC}.Debug|Any CPU.ActiveCfg = Debug|Any CPU
		{38CFF618-6026-4131-9681-7BD444272CFC}.Debug|Any CPU.Build.0 = Debug|Any CPU
		{38CFF618-6026-4131-9681-7BD444272CFC}.Debug|x64.ActiveCfg = Debug|Any CPU
		{38CFF618-6026-4131-9681-7BD444272CFC}.Debug|x64.Build.0 = Debug|Any CPU
		{38CFF618-6026-4131-9681-7BD444272CFC}.Debug|x86.ActiveCfg = Debug|Any CPU
		{38CFF618-6026-4131-9681-7BD444272CFC}.Debug|x86.Build.0 = Debug|Any CPU
		{38CFF618-6026-4131-9681-7BD444272CFC}.Release|Any CPU.ActiveCfg = Release|Any CPU
		{38CFF618-6026-4131-9681-7BD444272CFC}.Release|Any CPU.Build.0 = Release|Any CPU
		{38CFF618-6026-4131-9681-7BD444272CFC}.Release|x64.ActiveCfg = Release|Any CPU
		{38CFF618-6026-4131-9681-7BD444272CFC}.Release|x64.Build.0 = Release|Any CPU
		{38CFF618-6026-4131-9681-7BD444272CFC}.Release|x86.ActiveCfg = Release|Any CPU
		{38CFF618-6026-4131-9681-7BD444272CFC}.Release|x86.Build.0 = Release|Any CPU
		{6E23796A-B916-4632-9DC9-5CD5534423A2}.Debug|Any CPU.ActiveCfg = Debug|Any CPU
		{6E23796A-B916-4632-9DC9-5CD5534423A2}.Debug|Any CPU.Build.0 = Debug|Any CPU
		{6E23796A-B916-4632-9DC9-5CD5534423A2}.Debug|x64.ActiveCfg = Debug|Any CPU
		{6E23796A-B916-4632-9DC9-5CD5534423A2}.Debug|x64.Build.0 = Debug|Any CPU
		{6E23796A-B916-4632-9DC9-5CD5534423A2}.Debug|x86.ActiveCfg = Debug|Any CPU
		{6E23796A-B916-4632-9DC9-5CD5534423A2}.Debug|x86.Build.0 = Debug|Any CPU
		{6E23796A-B916-4632-9DC9-5CD5534423A2}.Release|Any CPU.ActiveCfg = Release|Any CPU
		{6E23796A-B916-4632-9DC9-5CD5534423A2}.Release|Any CPU.Build.0 = Release|Any CPU
		{6E23796A-B916-4632-9DC9-5CD5534423A2}.Release|x64.ActiveCfg = Release|Any CPU
		{6E23796A-B916-4632-9DC9-5CD5534423A2}.Release|x64.Build.0 = Release|Any CPU
		{6E23796A-B916-4632-9DC9-5CD5534423A2}.Release|x86.ActiveCfg = Release|Any CPU
		{6E23796A-B916-4632-9DC9-5CD5534423A2}.Release|x86.Build.0 = Release|Any CPU
	EndGlobalSection
	GlobalSection(SolutionProperties) = preSolution
		HideSolutionNode = FALSE
	EndGlobalSection
	GlobalSection(ExtensibilityGlobals) = postSolution
		SolutionGuid = {A6C93FC5-8591-495F-BEB4-ADA761C82CED}
	EndGlobalSection
EndGlobal
